// !$*UTF8*$!
{
	archiveVersion = 1;
	classes = {
	};
	objectVersion = 50;
	objects = {

/* Begin PBXBuildFile section */
		1C223AC323C051E800D3E12E /* WFConnector.framework in Frameworks */ = {isa = PBXBuildFile; fileRef = 1C223AC223C051E800D3E12E /* WFConnector.framework */; };
		1C223AC623C0527900D3E12E /* SystemConfiguration.framework in Frameworks */ = {isa = PBXBuildFile; fileRef = 1C223AC523C0527900D3E12E /* SystemConfiguration.framework */; };
		1C223AC823C0528400D3E12E /* ExternalAccessory.framework in Frameworks */ = {isa = PBXBuildFile; fileRef = 1C223AC723C0528400D3E12E /* ExternalAccessory.framework */; };
		1C223ACA23C052C500D3E12E /* CoreBluetooth.framework in Frameworks */ = {isa = PBXBuildFile; fileRef = 1C223AC923C052C500D3E12E /* CoreBluetooth.framework */; };
		1C223ACD23C0538F00D3E12E /* libz.1.dylib in Frameworks */ = {isa = PBXBuildFile; fileRef = 1C223ACC23C0538F00D3E12E /* libz.1.dylib */; };
		1C223ACE23C0538F00D3E12E /* libz.1.dylib in Embed Frameworks */ = {isa = PBXBuildFile; fileRef = 1C223ACC23C0538F00D3E12E /* libz.1.dylib */; settings = {ATTRIBUTES = (CodeSignOnCopy, ); }; };
		1CA4DC1B23C03E5F0047CC2F /* AppDelegate.swift in Sources */ = {isa = PBXBuildFile; fileRef = 1CA4DC1A23C03E5F0047CC2F /* AppDelegate.swift */; };
		1CA4DC1D23C03E5F0047CC2F /* SceneDelegate.swift in Sources */ = {isa = PBXBuildFile; fileRef = 1CA4DC1C23C03E5F0047CC2F /* SceneDelegate.swift */; };
		1CA4DC1F23C03E5F0047CC2F /* ContentView.swift in Sources */ = {isa = PBXBuildFile; fileRef = 1CA4DC1E23C03E5F0047CC2F /* ContentView.swift */; };
		1CA4DC2123C03E600047CC2F /* Assets.xcassets in Resources */ = {isa = PBXBuildFile; fileRef = 1CA4DC2023C03E600047CC2F /* Assets.xcassets */; };
		1CA4DC2423C03E600047CC2F /* Preview Assets.xcassets in Resources */ = {isa = PBXBuildFile; fileRef = 1CA4DC2323C03E600047CC2F /* Preview Assets.xcassets */; };
		1CA4DC2723C03E600047CC2F /* LaunchScreen.storyboard in Resources */ = {isa = PBXBuildFile; fileRef = 1CA4DC2523C03E600047CC2F /* LaunchScreen.storyboard */; };
/* End PBXBuildFile section */

/* Begin PBXCopyFilesBuildPhase section */
		1C223ABD23C04FD500D3E12E /* Embed Frameworks */ = {
			isa = PBXCopyFilesBuildPhase;
			buildActionMask = 2147483647;
			dstPath = "";
			dstSubfolderSpec = 10;
			files = (
				1C223ACE23C0538F00D3E12E /* libz.1.dylib in Embed Frameworks */,
			);
			name = "Embed Frameworks";
			runOnlyForDeploymentPostprocessing = 0;
		};
/* End PBXCopyFilesBuildPhase section */

/* Begin PBXFileReference section */
		1C223AC223C051E800D3E12E /* WFConnector.framework */ = {isa = PBXFileReference; lastKnownFileType = wrapper.framework; name = WFConnector.framework; path = Strava/Frameworks/WFConnector.framework; sourceTree = "<group>"; };
		1C223AC523C0527900D3E12E /* SystemConfiguration.framework */ = {isa = PBXFileReference; lastKnownFileType = wrapper.framework; name = SystemConfiguration.framework; path = System/Library/Frameworks/SystemConfiguration.framework; sourceTree = SDKROOT; };
		1C223AC723C0528400D3E12E /* ExternalAccessory.framework */ = {isa = PBXFileReference; lastKnownFileType = wrapper.framework; name = ExternalAccessory.framework; path = System/Library/Frameworks/ExternalAccessory.framework; sourceTree = SDKROOT; };
		1C223AC923C052C500D3E12E /* CoreBluetooth.framework */ = {isa = PBXFileReference; lastKnownFileType = wrapper.framework; name = CoreBluetooth.framework; path = System/Library/Frameworks/CoreBluetooth.framework; sourceTree = SDKROOT; };
		1C223ACC23C0538F00D3E12E /* libz.1.dylib */ = {isa = PBXFileReference; lastKnownFileType = "compiled.mach-o.dylib"; name = libz.1.dylib; path = ../../../../usr/lib/libz.1.dylib; sourceTree = "<group>"; };
		1CA4DC1723C03E5E0047CC2F /* Strava.app */ = {isa = PBXFileReference; explicitFileType = wrapper.application; includeInIndex = 0; path = Strava.app; sourceTree = BUILT_PRODUCTS_DIR; };
		1CA4DC1A23C03E5F0047CC2F /* AppDelegate.swift */ = {isa = PBXFileReference; lastKnownFileType = sourcecode.swift; path = AppDelegate.swift; sourceTree = "<group>"; };
		1CA4DC1C23C03E5F0047CC2F /* SceneDelegate.swift */ = {isa = PBXFileReference; lastKnownFileType = sourcecode.swift; path = SceneDelegate.swift; sourceTree = "<group>"; };
		1CA4DC1E23C03E5F0047CC2F /* ContentView.swift */ = {isa = PBXFileReference; lastKnownFileType = sourcecode.swift; path = ContentView.swift; sourceTree = "<group>"; };
		1CA4DC2023C03E600047CC2F /* Assets.xcassets */ = {isa = PBXFileReference; lastKnownFileType = folder.assetcatalog; path = Assets.xcassets; sourceTree = "<group>"; };
		1CA4DC2323C03E600047CC2F /* Preview Assets.xcassets */ = {isa = PBXFileReference; lastKnownFileType = folder.assetcatalog; path = "Preview Assets.xcassets"; sourceTree = "<group>"; };
		1CA4DC2623C03E600047CC2F /* Base */ = {isa = PBXFileReference; lastKnownFileType = file.storyboard; name = Base; path = Base.lproj/LaunchScreen.storyboard; sourceTree = "<group>"; };
		1CA4DC2823C03E600047CC2F /* Info.plist */ = {isa = PBXFileReference; lastKnownFileType = text.plist.xml; path = Info.plist; sourceTree = "<group>"; };
		1CCED17723C0588500F253A9 /* StravaBridgingHeader.h */ = {isa = PBXFileReference; fileEncoding = 4; lastKnownFileType = sourcecode.c.h; path = StravaBridgingHeader.h; sourceTree = "<group>"; };
/* End PBXFileReference section */

/* Begin PBXFrameworksBuildPhase section */
		1CA4DC1423C03E5E0047CC2F /* Frameworks */ = {
			isa = PBXFrameworksBuildPhase;
			buildActionMask = 2147483647;
			files = (
				1C223ACD23C0538F00D3E12E /* libz.1.dylib in Frameworks */,
				1C223AC823C0528400D3E12E /* ExternalAccessory.framework in Frameworks */,
				1C223AC623C0527900D3E12E /* SystemConfiguration.framework in Frameworks */,
				1C223ACA23C052C500D3E12E /* CoreBluetooth.framework in Frameworks */,
				1C223AC323C051E800D3E12E /* WFConnector.framework in Frameworks */,
			);
			runOnlyForDeploymentPostprocessing = 0;
		};
/* End PBXFrameworksBuildPhase section */

/* Begin PBXGroup section */
		1CA4DC0E23C03E5E0047CC2F = {
			isa = PBXGroup;
			children = (
				1CA4DC1923C03E5E0047CC2F /* Strava */,
				1CA4DC1823C03E5E0047CC2F /* Products */,
				1CA4DC2E23C03E8C0047CC2F /* Frameworks */,
			);
			sourceTree = "<group>";
		};
		1CA4DC1823C03E5E0047CC2F /* Products */ = {
			isa = PBXGroup;
			children = (
				1CA4DC1723C03E5E0047CC2F /* Strava.app */,
			);
			name = Products;
			sourceTree = "<group>";
		};
		1CA4DC1923C03E5E0047CC2F /* Strava */ = {
			isa = PBXGroup;
			children = (
				1CA4DC1A23C03E5F0047CC2F /* AppDelegate.swift */,
				1CA4DC1C23C03E5F0047CC2F /* SceneDelegate.swift */,
				1CA4DC1E23C03E5F0047CC2F /* ContentView.swift */,
				1CCED17723C0588500F253A9 /* StravaBridgingHeader.h */,
				1CA4DC2023C03E600047CC2F /* Assets.xcassets */,
				1CA4DC2523C03E600047CC2F /* LaunchScreen.storyboard */,
				1CA4DC2823C03E600047CC2F /* Info.plist */,
				1CA4DC2223C03E600047CC2F /* Preview Content */,
			);
			path = Strava;
			sourceTree = "<group>";
		};
		1CA4DC2223C03E600047CC2F /* Preview Content */ = {
			isa = PBXGroup;
			children = (
				1CA4DC2323C03E600047CC2F /* Preview Assets.xcassets */,
			);
			path = "Preview Content";
			sourceTree = "<group>";
		};
		1CA4DC2E23C03E8C0047CC2F /* Frameworks */ = {
			isa = PBXGroup;
			children = (
				1C223ACC23C0538F00D3E12E /* libz.1.dylib */,
				1C223AC923C052C500D3E12E /* CoreBluetooth.framework */,
				1C223AC723C0528400D3E12E /* ExternalAccessory.framework */,
				1C223AC523C0527900D3E12E /* SystemConfiguration.framework */,
				1C223AC223C051E800D3E12E /* WFConnector.framework */,
			);
			name = Frameworks;
			sourceTree = "<group>";
		};
/* End PBXGroup section */

/* Begin PBXNativeTarget section */
		1CA4DC1623C03E5E0047CC2F /* Strava */ = {
			isa = PBXNativeTarget;
			buildConfigurationList = 1CA4DC2B23C03E600047CC2F /* Build configuration list for PBXNativeTarget "Strava" */;
			buildPhases = (
				1CA4DC1323C03E5E0047CC2F /* Sources */,
				1CA4DC1423C03E5E0047CC2F /* Frameworks */,
				1CA4DC1523C03E5E0047CC2F /* Resources */,
				1C223ABD23C04FD500D3E12E /* Embed Frameworks */,
			);
			buildRules = (
			);
			dependencies = (
			);
			name = Strava;
			productName = Strava;
			productReference = 1CA4DC1723C03E5E0047CC2F /* Strava.app */;
			productType = "com.apple.product-type.application";
		};
/* End PBXNativeTarget section */

/* Begin PBXProject section */
		1CA4DC0F23C03E5E0047CC2F /* Project object */ = {
			isa = PBXProject;
			attributes = {
				LastSwiftUpdateCheck = 1130;
				LastUpgradeCheck = 1130;
				ORGANIZATIONNAME = "Adam Heimendinger";
				TargetAttributes = {
					1CA4DC1623C03E5E0047CC2F = {
						CreatedOnToolsVersion = 11.3;
					};
				};
			};
			buildConfigurationList = 1CA4DC1223C03E5E0047CC2F /* Build configuration list for PBXProject "Strava" */;
			compatibilityVersion = "Xcode 9.3";
			developmentRegion = en;
			hasScannedForEncodings = 0;
			knownRegions = (
				en,
				Base,
			);
			mainGroup = 1CA4DC0E23C03E5E0047CC2F;
			productRefGroup = 1CA4DC1823C03E5E0047CC2F /* Products */;
			projectDirPath = "";
			projectRoot = "";
			targets = (
				1CA4DC1623C03E5E0047CC2F /* Strava */,
			);
		};
/* End PBXProject section */

/* Begin PBXResourcesBuildPhase section */
		1CA4DC1523C03E5E0047CC2F /* Resources */ = {
			isa = PBXResourcesBuildPhase;
			buildActionMask = 2147483647;
			files = (
				1CA4DC2723C03E600047CC2F /* LaunchScreen.storyboard in Resources */,
				1CA4DC2423C03E600047CC2F /* Preview Assets.xcassets in Resources */,
				1CA4DC2123C03E600047CC2F /* Assets.xcassets in Resources */,
			);
			runOnlyForDeploymentPostprocessing = 0;
		};
/* End PBXResourcesBuildPhase section */

/* Begin PBXSourcesBuildPhase section */
		1CA4DC1323C03E5E0047CC2F /* Sources */ = {
			isa = PBXSourcesBuildPhase;
			buildActionMask = 2147483647;
			files = (
				1CA4DC1B23C03E5F0047CC2F /* AppDelegate.swift in Sources */,
				1CA4DC1D23C03E5F0047CC2F /* SceneDelegate.swift in Sources */,
				1CA4DC1F23C03E5F0047CC2F /* ContentView.swift in Sources */,
			);
			runOnlyForDeploymentPostprocessing = 0;
		};
/* End PBXSourcesBuildPhase section */

/* Begin PBXVariantGroup section */
		1CA4DC2523C03E600047CC2F /* LaunchScreen.storyboard */ = {
			isa = PBXVariantGroup;
			children = (
				1CA4DC2623C03E600047CC2F /* Base */,
			);
			name = LaunchScreen.storyboard;
			sourceTree = "<group>";
		};
/* End PBXVariantGroup section */

/* Begin XCBuildConfiguration section */
		1CA4DC2923C03E600047CC2F /* Debug */ = {
			isa = XCBuildConfiguration;
			buildSettings = {
				ALWAYS_SEARCH_USER_PATHS = NO;
				CLANG_ANALYZER_NONNULL = YES;
				CLANG_ANALYZER_NUMBER_OBJECT_CONVERSION = YES_AGGRESSIVE;
				CLANG_CXX_LANGUAGE_STANDARD = "gnu++14";
				CLANG_CXX_LIBRARY = "libc++";
				CLANG_ENABLE_MODULES = YES;
				CLANG_ENABLE_OBJC_ARC = YES;
				CLANG_ENABLE_OBJC_WEAK = YES;
				CLANG_WARN_BLOCK_CAPTURE_AUTORELEASING = YES;
				CLANG_WARN_BOOL_CONVERSION = YES;
				CLANG_WARN_COMMA = YES;
				CLANG_WARN_CONSTANT_CONVERSION = YES;
				CLANG_WARN_DEPRECATED_OBJC_IMPLEMENTATIONS = YES;
				CLANG_WARN_DIRECT_OBJC_ISA_USAGE = YES_ERROR;
				CLANG_WARN_DOCUMENTATION_COMMENTS = YES;
				CLANG_WARN_EMPTY_BODY = YES;
				CLANG_WARN_ENUM_CONVERSION = YES;
				CLANG_WARN_INFINITE_RECURSION = YES;
				CLANG_WARN_INT_CONVERSION = YES;
				CLANG_WARN_NON_LITERAL_NULL_CONVERSION = YES;
				CLANG_WARN_OBJC_IMPLICIT_RETAIN_SELF = YES;
				CLANG_WARN_OBJC_LITERAL_CONVERSION = YES;
				CLANG_WARN_OBJC_ROOT_CLASS = YES_ERROR;
				CLANG_WARN_RANGE_LOOP_ANALYSIS = YES;
				CLANG_WARN_STRICT_PROTOTYPES = YES;
				CLANG_WARN_SUSPICIOUS_MOVE = YES;
				CLANG_WARN_UNGUARDED_AVAILABILITY = YES_AGGRESSIVE;
				CLANG_WARN_UNREACHABLE_CODE = YES;
				CLANG_WARN__DUPLICATE_METHOD_MATCH = YES;
				COPY_PHASE_STRIP = NO;
				DEBUG_INFORMATION_FORMAT = dwarf;
				ENABLE_STRICT_OBJC_MSGSEND = YES;
				ENABLE_TESTABILITY = YES;
				GCC_C_LANGUAGE_STANDARD = gnu11;
				GCC_DYNAMIC_NO_PIC = NO;
				GCC_NO_COMMON_BLOCKS = YES;
				GCC_OPTIMIZATION_LEVEL = 0;
				GCC_PREPROCESSOR_DEFINITIONS = (
					"DEBUG=1",
					"$(inherited)",
				);
				GCC_WARN_64_TO_32_BIT_CONVERSION = YES;
				GCC_WARN_ABOUT_RETURN_TYPE = YES_ERROR;
				GCC_WARN_UNDECLARED_SELECTOR = YES;
				GCC_WARN_UNINITIALIZED_AUTOS = YES_AGGRESSIVE;
				GCC_WARN_UNUSED_FUNCTION = YES;
				GCC_WARN_UNUSED_VARIABLE = YES;
				IPHONEOS_DEPLOYMENT_TARGET = 13.2;
				MTL_ENABLE_DEBUG_INFO = INCLUDE_SOURCE;
				MTL_FAST_MATH = YES;
				ONLY_ACTIVE_ARCH = YES;
				SDKROOT = iphoneos;
				SWIFT_ACTIVE_COMPILATION_CONDITIONS = DEBUG;
				SWIFT_OPTIMIZATION_LEVEL = "-Onone";
			};
			name = Debug;
		};
		1CA4DC2A23C03E600047CC2F /* Release */ = {
			isa = XCBuildConfiguration;
			buildSettings = {
				ALWAYS_SEARCH_USER_PATHS = NO;
				CLANG_ANALYZER_NONNULL = YES;
				CLANG_ANALYZER_NUMBER_OBJECT_CONVERSION = YES_AGGRESSIVE;
				CLANG_CXX_LANGUAGE_STANDARD = "gnu++14";
				CLANG_CXX_LIBRARY = "libc++";
				CLANG_ENABLE_MODULES = YES;
				CLANG_ENABLE_OBJC_ARC = YES;
				CLANG_ENABLE_OBJC_WEAK = YES;
				CLANG_WARN_BLOCK_CAPTURE_AUTORELEASING = YES;
				CLANG_WARN_BOOL_CONVERSION = YES;
				CLANG_WARN_COMMA = YES;
				CLANG_WARN_CONSTANT_CONVERSION = YES;
				CLANG_WARN_DEPRECATED_OBJC_IMPLEMENTATIONS = YES;
				CLANG_WARN_DIRECT_OBJC_ISA_USAGE = YES_ERROR;
				CLANG_WARN_DOCUMENTATION_COMMENTS = YES;
				CLANG_WARN_EMPTY_BODY = YES;
				CLANG_WARN_ENUM_CONVERSION = YES;
				CLANG_WARN_INFINITE_RECURSION = YES;
				CLANG_WARN_INT_CONVERSION = YES;
				CLANG_WARN_NON_LITERAL_NULL_CONVERSION = YES;
				CLANG_WARN_OBJC_IMPLICIT_RETAIN_SELF = YES;
				CLANG_WARN_OBJC_LITERAL_CONVERSION = YES;
				CLANG_WARN_OBJC_ROOT_CLASS = YES_ERROR;
				CLANG_WARN_RANGE_LOOP_ANALYSIS = YES;
				CLANG_WARN_STRICT_PROTOTYPES = YES;
				CLANG_WARN_SUSPICIOUS_MOVE = YES;
				CLANG_WARN_UNGUARDED_AVAILABILITY = YES_AGGRESSIVE;
				CLANG_WARN_UNREACHABLE_CODE = YES;
				CLANG_WARN__DUPLICATE_METHOD_MATCH = YES;
				COPY_PHASE_STRIP = NO;
				DEBUG_INFORMATION_FORMAT = "dwarf-with-dsym";
				ENABLE_NS_ASSERTIONS = NO;
				ENABLE_STRICT_OBJC_MSGSEND = YES;
				GCC_C_LANGUAGE_STANDARD = gnu11;
				GCC_NO_COMMON_BLOCKS = YES;
				GCC_WARN_64_TO_32_BIT_CONVERSION = YES;
				GCC_WARN_ABOUT_RETURN_TYPE = YES_ERROR;
				GCC_WARN_UNDECLARED_SELECTOR = YES;
				GCC_WARN_UNINITIALIZED_AUTOS = YES_AGGRESSIVE;
				GCC_WARN_UNUSED_FUNCTION = YES;
				GCC_WARN_UNUSED_VARIABLE = YES;
				IPHONEOS_DEPLOYMENT_TARGET = 13.2;
				MTL_ENABLE_DEBUG_INFO = NO;
				MTL_FAST_MATH = YES;
				SDKROOT = iphoneos;
				SWIFT_COMPILATION_MODE = wholemodule;
				SWIFT_OPTIMIZATION_LEVEL = "-O";
				VALIDATE_PRODUCT = YES;
			};
			name = Release;
		};
		1CA4DC2C23C03E600047CC2F /* Debug */ = {
			isa = XCBuildConfiguration;
			buildSettings = {
				ASSETCATALOG_COMPILER_APPICON_NAME = AppIcon;
				CODE_SIGN_STYLE = Automatic;
				DEVELOPMENT_ASSET_PATHS = "$(PROJECT_DIR)";
				DEVELOPMENT_TEAM = 345MUHW3L5;
				ENABLE_PREVIEWS = YES;
				FRAMEWORK_SEARCH_PATHS = (
					"$(inherited)",
					"$(SRCROOT)",
					"$(PROJECT_DIR)/Strava/Frameworks",
				);
				HEADER_SEARCH_PATHS = (
					"$(inherited)",
					"$(SRCROOT)",
					"$(PROJECT_DIR)/Strava/Frameworks",
				);
				INFOPLIST_FILE = Strava/Info.plist;
				LD_RUNPATH_SEARCH_PATHS = (
					"$(inherited)",
					"@executable_path/Frameworks",
				);
				OTHER_LDFLAGS = (
					"-lstdc++",
					"-all_load",
				);
				PRODUCT_BUNDLE_IDENTIFIER = com.adamhei.Strava;
				PRODUCT_NAME = "$(TARGET_NAME)";
				SWIFT_OBJC_BRIDGING_HEADER = Strava/StravaBridgingHeader.h;
				SWIFT_VERSION = 5.0;
				TARGETED_DEVICE_FAMILY = "1,2";
			};
			name = Debug;
		};
		1CA4DC2D23C03E600047CC2F /* Release */ = {
			isa = XCBuildConfiguration;
			buildSettings = {
				ASSETCATALOG_COMPILER_APPICON_NAME = AppIcon;
				CODE_SIGN_STYLE = Automatic;
				DEVELOPMENT_ASSET_PATHS = "$(PROJECT_DIR)";
				DEVELOPMENT_TEAM = 345MUHW3L5;
				ENABLE_PREVIEWS = YES;
				FRAMEWORK_SEARCH_PATHS = (
					"$(inherited)",
					"$(SRCROOT)",
					"$(PROJECT_DIR)/Strava/Frameworks",
				);
				HEADER_SEARCH_PATHS = (
					"$(inherited)",
					"$(SRCROOT)",
					"$(PROJECT_DIR)/Strava/Frameworks",
				);
				INFOPLIST_FILE = Strava/Info.plist;
				LD_RUNPATH_SEARCH_PATHS = (
					"$(inherited)",
					"@executable_path/Frameworks",
				);
				OTHER_LDFLAGS = (
					"-lstdc++",
					"-all_load",
				);
				PRODUCT_BUNDLE_IDENTIFIER = com.adamhei.Strava;
				PRODUCT_NAME = "$(TARGET_NAME)";
				SWIFT_OBJC_BRIDGING_HEADER = Strava/StravaBridgingHeader.h;
				SWIFT_VERSION = 5.0;
				TARGETED_DEVICE_FAMILY = "1,2";
			};
			name = Release;
		};
/* End XCBuildConfiguration section */

/* Begin XCConfigurationList section */
		1CA4DC1223C03E5E0047CC2F /* Build configuration list for PBXProject "Strava" */ = {
			isa = XCConfigurationList;
			buildConfigurations = (
				1CA4DC2923C03E600047CC2F /* Debug */,
				1CA4DC2A23C03E600047CC2F /* Release */,
			);
			defaultConfigurationIsVisible = 0;
			defaultConfigurationName = Release;
		};
		1CA4DC2B23C03E600047CC2F /* Build configuration list for PBXNativeTarget "Strava" */ = {
			isa = XCConfigurationList;
			buildConfigurations = (
				1CA4DC2C23C03E600047CC2F /* Debug */,
				1CA4DC2D23C03E600047CC2F /* Release */,
			);
			defaultConfigurationIsVisible = 0;
			defaultConfigurationName = Release;
		};
/* End XCConfigurationList section */
	};
	rootObject = 1CA4DC0F23C03E5E0047CC2F /* Project object */;
}
